<?xml version="1.0" encoding="utf-8"?>
<Project ToolsVersion="4.0" xmlns="http://schemas.microsoft.com/developer/msbuild/2003">
  <ItemGroup>
    <Filter Include="Source Files">
      <UniqueIdentifier>{57f2f884-3f1f-4cf1-8a80-e9223df57c7c}</UniqueIdentifier>
      <Extensions>cpp;c;cxx;rc;def;r;odl;idl;hpj;bat</Extensions>
    </Filter>
    <Filter Include="Header Files">
      <UniqueIdentifier>{ef3fdf31-e704-48fc-b306-b5d888efb0af}</UniqueIdentifier>
      <Extensions>h;hpp;hxx;hm;inl</Extensions>
    </Filter>
    <Filter Include="Resource Files">
      <UniqueIdentifier>{5fd53b9b-0581-462b-acaf-6ead4dff9c41}</UniqueIdentifier>
      <Extensions>ico;cur;bmp;dlg;rc2;rct;bin;rgs;gif;jpg;jpeg;jpe</Extensions>
    </Filter>
  </ItemGroup>
  <ItemGroup>
    <ClCompile Include="ContentView.cpp">
      <Filter>Source Files</Filter>
    </ClCompile>
    <ClCompile Include="DetailFile.cpp">
      <Filter>Source Files</Filter>
    </ClCompile>
    <ClCompile Include="DetailObj.cpp">
      <Filter>Source Files</Filter>
    </ClCompile>
    <ClCompile Include="DropSrc.cpp">
      <Filter>Source Files</Filter>
    </ClCompile>
    <ClCompile Include="EditDialog.cpp">
      <Filter>Source Files</Filter>
    </ClCompile>
    <ClCompile Include="FindDialog.cpp">
      <Filter>Source Files</Filter>
    </ClCompile>
    <ClCompile Include="font.cpp">
      <Filter>Source Files</Filter>
    </ClCompile>
    <ClCompile Include="InfoMgr.cpp">
      <Filter>Source Files</Filter>
    </ClCompile>
    <ClCompile Include="InfoMgrDoc.cpp">
      <Filter>Source Files</Filter>
    </ClCompile>
    <ClCompile Include="InfoMgrView.cpp">
      <Filter>Source Files</Filter>
    </ClCompile>
    <ClCompile Include="LeftView.cpp">
      <Filter>Source Files</Filter>
    </ClCompile>
    <ClCompile Include="MainFrm.cpp">
      <Filter>Source Files</Filter>
    </ClCompile>
    <ClCompile Include="oleobject.cpp">
      <Filter>Source Files</Filter>
    </ClCompile>
    <ClCompile Include="oleobjects.cpp">
      <Filter>Source Files</Filter>
    </ClCompile>
    <ClCompile Include="picture.cpp">
      <Filter>Source Files</Filter>
    </ClCompile>
    <ClCompile Include="Record.cpp">
      <Filter>Source Files</Filter>
    </ClCompile>
    <ClCompile Include="richtext.cpp">
      <Filter>Source Files</Filter>
    </ClCompile>
    <ClCompile Include="StdAfx.cpp">
      <Filter>Source Files</Filter>
    </ClCompile>
    <ClCompile Include="Subfunctions.cpp">
      <Filter>Source Files</Filter>
    </ClCompile>
    <ClCompile Include="TMsgbox.cpp">
      <Filter>Source Files</Filter>
    </ClCompile>
    <ClCompile Include="UndoItem.cpp">
      <Filter>Source Files</Filter>
    </ClCompile>
    <ClCompile Include="webbrowser2.cpp">
      <Filter>Source Files</Filter>
    </ClCompile>
    <ClCompile Include="wmpcdrom.cpp">
      <Filter>Source Files</Filter>
    </ClCompile>
    <ClCompile Include="wmpcdromcollection.cpp">
      <Filter>Source Files</Filter>
    </ClCompile>
    <ClCompile Include="wmpclosedcaption.cpp">
      <Filter>Source Files</Filter>
    </ClCompile>
    <ClCompile Include="wmpcontrols.cpp">
      <Filter>Source Files</Filter>
    </ClCompile>
    <ClCompile Include="wmpdvd.cpp">
      <Filter>Source Files</Filter>
    </ClCompile>
    <ClCompile Include="wmperror.cpp">
      <Filter>Source Files</Filter>
    </ClCompile>
    <ClCompile Include="wmperroritem.cpp">
      <Filter>Source Files</Filter>
    </ClCompile>
    <ClCompile Include="wmpmedia.cpp">
      <Filter>Source Files</Filter>
    </ClCompile>
    <ClCompile Include="wmpmediacollection.cpp">
      <Filter>Source Files</Filter>
    </ClCompile>
    <ClCompile Include="wmpnetwork.cpp">
      <Filter>Source Files</Filter>
    </ClCompile>
    <ClCompile Include="wmpplayer4.cpp">
      <Filter>Source Files</Filter>
    </ClCompile>
    <ClCompile Include="wmpplayerapplication.cpp">
      <Filter>Source Files</Filter>
    </ClCompile>
    <ClCompile Include="wmpplaylist.cpp">
      <Filter>Source Files</Filter>
    </ClCompile>
    <ClCompile Include="wmpplaylistarray.cpp">
      <Filter>Source Files</Filter>
    </ClCompile>
    <ClCompile Include="wmpplaylistcollection.cpp">
      <Filter>Source Files</Filter>
    </ClCompile>
    <ClCompile Include="wmpsettings.cpp">
      <Filter>Source Files</Filter>
    </ClCompile>
    <ClCompile Include="wmpstringcollection.cpp">
      <Filter>Source Files</Filter>
    </ClCompile>
  </ItemGroup>
  <ItemGroup>
    <ResourceCompile Include="InfoMgr.rc">
      <Filter>Source Files</Filter>
    </ResourceCompile>
  </ItemGroup>
  <ItemGroup>
    <ClInclude Include="ConstantDefs.h">
      <Filter>Header Files</Filter>
    </ClInclude>
    <ClInclude Include="ContentView.h">
      <Filter>Header Files</Filter>
    </ClInclude>
    <ClInclude Include="DetailFile.h">
      <Filter>Header Files</Filter>
    </ClInclude>
    <ClInclude Include="DetailObj.h">
      <Filter>Header Files</Filter>
    </ClInclude>
    <ClInclude Include="DropSrc.h">
      <Filter>Header Files</Filter>
    </ClInclude>
    <ClInclude Include="EditDialog.h">
      <Filter>Header Files</Filter>
    </ClInclude>
    <ClInclude Include="FindDialog.h">
      <Filter>Header Files</Filter>
    </ClInclude>
    <ClInclude Include="font.h">
      <Filter>Header Files</Filter>
    </ClInclude>
    <ClInclude Include="InfoMgr.h">
      <Filter>Header Files</Filter>
    </ClInclude>
    <ClInclude Include="InfoMgrDoc.h">
      <Filter>Header Files</Filter>
    </ClInclude>
    <ClInclude Include="InfoMgrView.h">
      <Filter>Header Files</Filter>
    </ClInclude>
    <ClInclude Include="LeftView.h">
      <Filter>Header Files</Filter>
    </ClInclude>
    <ClInclude Include="MainFrm.h">
      <Filter>Header Files</Filter>
    </ClInclude>
    <ClInclude Include="oleobject.h">
      <Filter>Header Files</Filter>
    </ClInclude>
    <ClInclude Include="oleobjects.h">
      <Filter>Header Files</Filter>
    </ClInclude>
    <ClInclude Include="picture.h">
      <Filter>Header Files</Filter>
    </ClInclude>
    <ClInclude Include="Record.h">
      <Filter>Header Files</Filter>
    </ClInclude>
    <ClInclude Include="resource.h">
      <Filter>Header Files</Filter>
    </ClInclude>
    <ClInclude Include="richtext.h">
      <Filter>Header Files</Filter>
    </ClInclude>
    <ClInclude Include="StdAfx.h">
      <Filter>Header Files</Filter>
    </ClInclude>
    <ClInclude Include="TMsgbox.h">
      <Filter>Header Files</Filter>
    </ClInclude>
    <ClInclude Include="UndoItem.h">
      <Filter>Header Files</Filter>
    </ClInclude>
    <ClInclude Include="webbrowser2.h">
      <Filter>Header Files</Filter>
    </ClInclude>
    <ClInclude Include="wmpcdrom.h">
      <Filter>Header Files</Filter>
    </ClInclude>
    <ClInclude Include="wmpcdromcollection.h">
      <Filter>Header Files</Filter>
    </ClInclude>
    <ClInclude Include="wmpclosedcaption.h">
      <Filter>Header Files</Filter>
    </ClInclude>
    <ClInclude Include="wmpcontrols.h">
      <Filter>Header Files</Filter>
    </ClInclude>
    <ClInclude Include="wmpdvd.h">
      <Filter>Header Files</Filter>
    </ClInclude>
    <ClInclude Include="wmperror.h">
      <Filter>Header Files</Filter>
    </ClInclude>
    <ClInclude Include="wmperroritem.h">
      <Filter>Header Files</Filter>
    </ClInclude>
    <ClInclude Include="wmpmedia.h">
      <Filter>Header Files</Filter>
    </ClInclude>
    <ClInclude Include="wmpmediacollection.h">
      <Filter>Header Files</Filter>
    </ClInclude>
    <ClInclude Include="wmpnetwork.h">
      <Filter>Header Files</Filter>
    </ClInclude>
    <ClInclude Include="wmpplayer4.h">
      <Filter>Header Files</Filter>
    </ClInclude>
    <ClInclude Include="wmpplayerapplication.h">
      <Filter>Header Files</Filter>
    </ClInclude>
    <ClInclude Include="wmpplaylist.h">
      <Filter>Header Files</Filter>
    </ClInclude>
    <ClInclude Include="wmpplaylistarray.h">
      <Filter>Header Files</Filter>
    </ClInclude>
    <ClInclude Include="wmpplaylistcollection.h">
      <Filter>Header Files</Filter>
    </ClInclude>
    <ClInclude Include="wmpsettings.h">
      <Filter>Header Files</Filter>
    </ClInclude>
    <ClInclude Include="wmpstringcollection.h">
      <Filter>Header Files</Filter>
    </ClInclude>
  </ItemGroup>
  <ItemGroup>
    <Image Include="res\bitmap1.bmp">
      <Filter>Resource Files</Filter>
    </Image>
    <Image Include="res\bitmap2.bmp">
      <Filter>Resource Files</Filter>
    </Image>
    <Image Include="res\bmp00001.bmp">
      <Filter>Resource Files</Filter>
    </Image>
    <Image Include="Drives.bmp">
      <Filter>Resource Files</Filter>
    </Image>
    <Image Include="res\icon1.ico">
      <Filter>Resource Files</Filter>
    </Image>
    <Image Include="res\InfoMgr.ico">
      <Filter>Resource Files</Filter>
    </Image>
    <Image Include="res\InfoMgrDoc.ico">
      <Filter>Resource Files</Filter>
    </Image>
    <Image Include="res\toobar.bmp">
      <Filter>Resource Files</Filter>
    </Image>
    <Image Include="res\Toolbar.bmp">
      <Filter>Resource Files</Filter>
    </Image>
  </ItemGroup>
  <ItemGroup>
    <None Include="res\InfoMgr.rc2">
      <Filter>Resource Files</Filter>
    </None>
    <None Include="InfoMgr.reg" />
  </ItemGroup>
  <ItemGroup>
    <Text Include="ReadMe.txt" />
  </ItemGroup>
</Project>